
Microsoft Visual Studio Solution File, Format Version 12.00
# Visual Studio Version 17
VisualStudioVersion = 17.2.32516.85
MinimumVisualStudioVersion = 10.0.40219.1
Project("{FAE04EC0-301F-11D3-BF4B-00C04F79EFBC}") = "A1P1_StevenJavier", "A1P1_StevenJavier\A1P1_StevenJavier.csproj", "{1DDE9067-F450-472E-8BDD-1BB16E440AF5}"
EndProject
Global
	GlobalSection(SolutionConfigurationPlatforms) = preSolution
		Debug|Any CPU = Debug|Any CPU
		Release|Any CPU = Release|Any CPU
	EndGlobalSection
	GlobalSection(ProjectConfigurationPlatforms) = postSolution
		{1DDE9067-F450-472E-8BDD-1BB16E440AF5}.Debug|Any CPU.ActiveCfg = Debug|Any CPU
		{1DDE9067-F450-472E-8BDD-1BB16E440AF5}.Debug|Any CPU.Build.0 = Debug|Any CPU
		{1DDE9067-F450-472E-8BDD-1BB16E440AF5}.Release|Any CPU.ActiveCfg = Release|Any CPU
		{1DDE9067-F450-472E-8BDD-1BB16E440AF5}.Release|Any CPU.Build.0 = Release|Any CPU
	EndGlobalSection
	GlobalSection(SolutionProperties) = preSolution
		HideSolutionNode = FALSE
	EndGlobalSection
	GlobalSection(ExtensibilityGlobals) = postSolution
		SolutionGuid = {6A6FEDED-13AF-449D-AA39-0C909E6DF54E}
	EndGlobalSection
EndGlobal
